// !$*UTF8*$!
{
	archiveVersion = 1;
	classes = {
	};
	objectVersion = 50;
	objects = {

/* Begin PBXBuildFile section */
		4B02F5A7261B9BAF008A8894 /* UIHelper.swift in Sources */ = {isa = PBXBuildFile; fileRef = 4B02F5A6261B9BAF008A8894 /* UIHelper.swift */; };
		4B02F5A8261B9BAF008A8894 /* UIHelper.swift in Sources */ = {isa = PBXBuildFile; fileRef = 4B02F5A6261B9BAF008A8894 /* UIHelper.swift */; };
		4B02F5A9261B9BAF008A8894 /* UIHelper.swift in Sources */ = {isa = PBXBuildFile; fileRef = 4B02F5A6261B9BAF008A8894 /* UIHelper.swift */; };
		4B2D9D99261A4DD400244980 /* MenuView.swift in Sources */ = {isa = PBXBuildFile; fileRef = 4B2D9D98261A4DD400244980 /* MenuView.swift */; };
		4B2D9D9A261A4DD400244980 /* MenuView.swift in Sources */ = {isa = PBXBuildFile; fileRef = 4B2D9D98261A4DD400244980 /* MenuView.swift */; };
		4B2D9DA4261A541F00244980 /* MenuButton.swift in Sources */ = {isa = PBXBuildFile; fileRef = 4B2D9DA3261A541F00244980 /* MenuButton.swift */; };
		4B2D9DA5261A541F00244980 /* MenuButton.swift in Sources */ = {isa = PBXBuildFile; fileRef = 4B2D9DA3261A541F00244980 /* MenuButton.swift */; };
		4B2D9DAC261A545B00244980 /* View+backgroundColor.swift in Sources */ = {isa = PBXBuildFile; fileRef = 4B2D9DAB261A545B00244980 /* View+backgroundColor.swift */; };
		4B2D9DAD261A545B00244980 /* View+backgroundColor.swift in Sources */ = {isa = PBXBuildFile; fileRef = 4B2D9DAB261A545B00244980 /* View+backgroundColor.swift */; };
		4B2D9DC4261A57CB00244980 /* UserModel.swift in Sources */ = {isa = PBXBuildFile; fileRef = 4B2D9DC3261A57CB00244980 /* UserModel.swift */; };
		4B2D9DC5261A57CB00244980 /* UserModel.swift in Sources */ = {isa = PBXBuildFile; fileRef = 4B2D9DC3261A57CB00244980 /* UserModel.swift */; };
		4B2D9DCF261A59F500244980 /* NewGameView.swift in Sources */ = {isa = PBXBuildFile; fileRef = 4B2D9DCE261A59F500244980 /* NewGameView.swift */; };
		4B2D9DD0261A59F500244980 /* NewGameView.swift in Sources */ = {isa = PBXBuildFile; fileRef = 4B2D9DCE261A59F500244980 /* NewGameView.swift */; };
		4B2D9DD6261A5A0500244980 /* SettingsView.swift in Sources */ = {isa = PBXBuildFile; fileRef = 4B2D9DD5261A5A0500244980 /* SettingsView.swift */; };
		4B2D9DD7261A5A0500244980 /* SettingsView.swift in Sources */ = {isa = PBXBuildFile; fileRef = 4B2D9DD5261A5A0500244980 /* SettingsView.swift */; };
		4B2D9DDD261A5A1700244980 /* LeaderboardView.swift in Sources */ = {isa = PBXBuildFile; fileRef = 4B2D9DDC261A5A1700244980 /* LeaderboardView.swift */; };
		4B2D9DDE261A5A1700244980 /* LeaderboardView.swift in Sources */ = {isa = PBXBuildFile; fileRef = 4B2D9DDC261A5A1700244980 /* LeaderboardView.swift */; };
		4B2D9DFD261B6A2300244980 /* GameHelper.swift in Sources */ = {isa = PBXBuildFile; fileRef = 4B2D9DFC261B6A2300244980 /* GameHelper.swift */; };
		4B2D9DFE261B6A2300244980 /* GameHelper.swift in Sources */ = {isa = PBXBuildFile; fileRef = 4B2D9DFC261B6A2300244980 /* GameHelper.swift */; };
		4B2D9E11261B7E5C00244980 /* GameView.swift in Sources */ = {isa = PBXBuildFile; fileRef = 4BD5684E261A42F700277BB3 /* GameView.swift */; };
		4B2D9E16261B7E8100244980 /* View+backgroundColor.swift in Sources */ = {isa = PBXBuildFile; fileRef = 4B2D9DAB261A545B00244980 /* View+backgroundColor.swift */; };
		4B2D9E1B261B7E8500244980 /* NewGameView.swift in Sources */ = {isa = PBXBuildFile; fileRef = 4B2D9DCE261A59F500244980 /* NewGameView.swift */; };
		4B2D9E20261B7E8800244980 /* SettingsView.swift in Sources */ = {isa = PBXBuildFile; fileRef = 4B2D9DD5261A5A0500244980 /* SettingsView.swift */; };
		4B2D9E25261B7E8B00244980 /* LeaderboardView.swift in Sources */ = {isa = PBXBuildFile; fileRef = 4B2D9DDC261A5A1700244980 /* LeaderboardView.swift */; };
		4B2D9E2A261B7E9E00244980 /* UserModel.swift in Sources */ = {isa = PBXBuildFile; fileRef = 4B2D9DC3261A57CB00244980 /* UserModel.swift */; };
		4B2D9E2F261B7EA400244980 /* MenuView.swift in Sources */ = {isa = PBXBuildFile; fileRef = 4B2D9D98261A4DD400244980 /* MenuView.swift */; };
		4B2D9E34261B7EA800244980 /* MenuButton.swift in Sources */ = {isa = PBXBuildFile; fileRef = 4B2D9DA3261A541F00244980 /* MenuButton.swift */; };
		4B2D9E39261B7EE800244980 /* GameHelper.swift in Sources */ = {isa = PBXBuildFile; fileRef = 4B2D9DFC261B6A2300244980 /* GameHelper.swift */; };
		4BD56860261A42F800277BB3 /* GameApp.swift in Sources */ = {isa = PBXBuildFile; fileRef = 4BD5684D261A42F700277BB3 /* GameApp.swift */; };
		4BD56861261A42F800277BB3 /* GameApp.swift in Sources */ = {isa = PBXBuildFile; fileRef = 4BD5684D261A42F700277BB3 /* GameApp.swift */; };
		4BD56862261A42F800277BB3 /* GameView.swift in Sources */ = {isa = PBXBuildFile; fileRef = 4BD5684E261A42F700277BB3 /* GameView.swift */; };
		4BD56863261A42F800277BB3 /* GameView.swift in Sources */ = {isa = PBXBuildFile; fileRef = 4BD5684E261A42F700277BB3 /* GameView.swift */; };
		4BD56864261A42F800277BB3 /* Assets.xcassets in Resources */ = {isa = PBXBuildFile; fileRef = 4BD5684F261A42F800277BB3 /* Assets.xcassets */; };
		4BD56865261A42F800277BB3 /* Assets.xcassets in Resources */ = {isa = PBXBuildFile; fileRef = 4BD5684F261A42F800277BB3 /* Assets.xcassets */; };
		4BD56912261A46E100277BB3 /* Assets.xcassets in Resources */ = {isa = PBXBuildFile; fileRef = 4BD56911261A46E100277BB3 /* Assets.xcassets */; };
		4BD56919261A46E200277BB3 /* watchOS Extension.appex in Embed App Extensions */ = {isa = PBXBuildFile; fileRef = 4BD56918261A46E200277BB3 /* watchOS Extension.appex */; settings = {ATTRIBUTES = (RemoveHeadersOnCopy, ); }; };
		4BD5691E261A46E200277BB3 /* GameApp.swift in Sources */ = {isa = PBXBuildFile; fileRef = 4BD5691D261A46E200277BB3 /* GameApp.swift */; };
		4BD56920261A46E200277BB3 /* ContentView.swift in Sources */ = {isa = PBXBuildFile; fileRef = 4BD5691F261A46E200277BB3 /* ContentView.swift */; };
		4BD56922261A46E200277BB3 /* NotificationController.swift in Sources */ = {isa = PBXBuildFile; fileRef = 4BD56921261A46E200277BB3 /* NotificationController.swift */; };
		4BD56924261A46E200277BB3 /* NotificationView.swift in Sources */ = {isa = PBXBuildFile; fileRef = 4BD56923261A46E200277BB3 /* NotificationView.swift */; };
		4BD56926261A46E200277BB3 /* ComplicationController.swift in Sources */ = {isa = PBXBuildFile; fileRef = 4BD56925261A46E200277BB3 /* ComplicationController.swift */; };
		4BD56928261A46E300277BB3 /* Assets.xcassets in Resources */ = {isa = PBXBuildFile; fileRef = 4BD56927261A46E300277BB3 /* Assets.xcassets */; };
		4BD5692B261A46E300277BB3 /* Preview Assets.xcassets in Resources */ = {isa = PBXBuildFile; fileRef = 4BD5692A261A46E300277BB3 /* Preview Assets.xcassets */; };
		4BD56930261A46E300277BB3 /* watchOS.app in Embed Watch Content */ = {isa = PBXBuildFile; fileRef = 4BD5690F261A46E000277BB3 /* watchOS.app */; settings = {ATTRIBUTES = (RemoveHeadersOnCopy, ); }; };
/* End PBXBuildFile section */

/* Begin PBXContainerItemProxy section */
		4BD5691A261A46E200277BB3 /* PBXContainerItemProxy */ = {
			isa = PBXContainerItemProxy;
			containerPortal = 4BD56848261A42F700277BB3 /* Project object */;
			proxyType = 1;
			remoteGlobalIDString = 4BD56917261A46E200277BB3;
			remoteInfo = "watchOS Extension";
		};
		4BD5692E261A46E300277BB3 /* PBXContainerItemProxy */ = {
			isa = PBXContainerItemProxy;
			containerPortal = 4BD56848261A42F700277BB3 /* Project object */;
			proxyType = 1;
			remoteGlobalIDString = 4BD5690E261A46E000277BB3;
			remoteInfo = watchOS;
		};
/* End PBXContainerItemProxy section */

/* Begin PBXCopyFilesBuildPhase section */
		4BD56931261A46E300277BB3 /* Embed Watch Content */ = {
			isa = PBXCopyFilesBuildPhase;
			buildActionMask = 2147483647;
			dstPath = "$(CONTENTS_FOLDER_PATH)/Watch";
			dstSubfolderSpec = 16;
			files = (
				4BD56930261A46E300277BB3 /* watchOS.app in Embed Watch Content */,
			);
			name = "Embed Watch Content";
			runOnlyForDeploymentPostprocessing = 0;
		};
		4BD56934261A46E300277BB3 /* Embed App Extensions */ = {
			isa = PBXCopyFilesBuildPhase;
			buildActionMask = 2147483647;
			dstPath = "";
			dstSubfolderSpec = 13;
			files = (
				4BD56919261A46E200277BB3 /* watchOS Extension.appex in Embed App Extensions */,
			);
			name = "Embed App Extensions";
			runOnlyForDeploymentPostprocessing = 0;
		};
/* End PBXCopyFilesBuildPhase section */

/* Begin PBXFileReference section */
		4B02F5A6261B9BAF008A8894 /* UIHelper.swift */ = {isa = PBXFileReference; lastKnownFileType = sourcecode.swift; path = UIHelper.swift; sourceTree = "<group>"; };
		4B2D9D98261A4DD400244980 /* MenuView.swift */ = {isa = PBXFileReference; lastKnownFileType = sourcecode.swift; path = MenuView.swift; sourceTree = "<group>"; };
		4B2D9DA3261A541F00244980 /* MenuButton.swift */ = {isa = PBXFileReference; lastKnownFileType = sourcecode.swift; path = MenuButton.swift; sourceTree = "<group>"; };
		4B2D9DAB261A545B00244980 /* View+backgroundColor.swift */ = {isa = PBXFileReference; lastKnownFileType = sourcecode.swift; path = "View+backgroundColor.swift"; sourceTree = "<group>"; };
		4B2D9DC3261A57CB00244980 /* UserModel.swift */ = {isa = PBXFileReference; lastKnownFileType = sourcecode.swift; path = UserModel.swift; sourceTree = "<group>"; };
		4B2D9DCE261A59F500244980 /* NewGameView.swift */ = {isa = PBXFileReference; lastKnownFileType = sourcecode.swift; path = NewGameView.swift; sourceTree = "<group>"; };
		4B2D9DD5261A5A0500244980 /* SettingsView.swift */ = {isa = PBXFileReference; lastKnownFileType = sourcecode.swift; path = SettingsView.swift; sourceTree = "<group>"; };
		4B2D9DDC261A5A1700244980 /* LeaderboardView.swift */ = {isa = PBXFileReference; lastKnownFileType = sourcecode.swift; path = LeaderboardView.swift; sourceTree = "<group>"; };
		4B2D9DFC261B6A2300244980 /* GameHelper.swift */ = {isa = PBXFileReference; lastKnownFileType = sourcecode.swift; path = GameHelper.swift; sourceTree = "<group>"; };
		4BD5684D261A42F700277BB3 /* GameApp.swift */ = {isa = PBXFileReference; lastKnownFileType = sourcecode.swift; path = GameApp.swift; sourceTree = "<group>"; };
		4BD5684E261A42F700277BB3 /* GameView.swift */ = {isa = PBXFileReference; lastKnownFileType = sourcecode.swift; path = GameView.swift; sourceTree = "<group>"; };
		4BD5684F261A42F800277BB3 /* Assets.xcassets */ = {isa = PBXFileReference; lastKnownFileType = folder.assetcatalog; path = Assets.xcassets; sourceTree = "<group>"; };
		4BD56854261A42F800277BB3 /* Game.app */ = {isa = PBXFileReference; explicitFileType = wrapper.application; includeInIndex = 0; path = Game.app; sourceTree = BUILT_PRODUCTS_DIR; };
		4BD56857261A42F800277BB3 /* Info.plist */ = {isa = PBXFileReference; lastKnownFileType = text.plist.xml; path = Info.plist; sourceTree = "<group>"; };
		4BD5685C261A42F800277BB3 /* Game.app */ = {isa = PBXFileReference; explicitFileType = wrapper.application; includeInIndex = 0; path = Game.app; sourceTree = BUILT_PRODUCTS_DIR; };
		4BD5685E261A42F800277BB3 /* Info.plist */ = {isa = PBXFileReference; lastKnownFileType = text.plist.xml; path = Info.plist; sourceTree = "<group>"; };
		4BD5685F261A42F800277BB3 /* macOS.entitlements */ = {isa = PBXFileReference; lastKnownFileType = text.plist.entitlements; path = macOS.entitlements; sourceTree = "<group>"; };
		4BD5690F261A46E000277BB3 /* watchOS.app */ = {isa = PBXFileReference; explicitFileType = wrapper.application; includeInIndex = 0; path = watchOS.app; sourceTree = BUILT_PRODUCTS_DIR; };
		4BD56911261A46E100277BB3 /* Assets.xcassets */ = {isa = PBXFileReference; lastKnownFileType = folder.assetcatalog; path = Assets.xcassets; sourceTree = "<group>"; };
		4BD56913261A46E100277BB3 /* Info.plist */ = {isa = PBXFileReference; lastKnownFileType = text.plist.xml; path = Info.plist; sourceTree = "<group>"; };
		4BD56918261A46E200277BB3 /* watchOS Extension.appex */ = {isa = PBXFileReference; explicitFileType = "wrapper.app-extension"; includeInIndex = 0; path = "watchOS Extension.appex"; sourceTree = BUILT_PRODUCTS_DIR; };
		4BD5691D261A46E200277BB3 /* GameApp.swift */ = {isa = PBXFileReference; lastKnownFileType = sourcecode.swift; path = GameApp.swift; sourceTree = "<group>"; };
		4BD5691F261A46E200277BB3 /* ContentView.swift */ = {isa = PBXFileReference; lastKnownFileType = sourcecode.swift; path = ContentView.swift; sourceTree = "<group>"; };
		4BD56921261A46E200277BB3 /* NotificationController.swift */ = {isa = PBXFileReference; lastKnownFileType = sourcecode.swift; path = NotificationController.swift; sourceTree = "<group>"; };
		4BD56923261A46E200277BB3 /* NotificationView.swift */ = {isa = PBXFileReference; lastKnownFileType = sourcecode.swift; path = NotificationView.swift; sourceTree = "<group>"; };
		4BD56925261A46E200277BB3 /* ComplicationController.swift */ = {isa = PBXFileReference; lastKnownFileType = sourcecode.swift; path = ComplicationController.swift; sourceTree = "<group>"; };
		4BD56927261A46E300277BB3 /* Assets.xcassets */ = {isa = PBXFileReference; lastKnownFileType = folder.assetcatalog; path = Assets.xcassets; sourceTree = "<group>"; };
		4BD5692A261A46E300277BB3 /* Preview Assets.xcassets */ = {isa = PBXFileReference; lastKnownFileType = folder.assetcatalog; path = "Preview Assets.xcassets"; sourceTree = "<group>"; };
		4BD5692C261A46E300277BB3 /* Info.plist */ = {isa = PBXFileReference; lastKnownFileType = text.plist.xml; path = Info.plist; sourceTree = "<group>"; };
		4BD5692D261A46E300277BB3 /* PushNotificationPayload.apns */ = {isa = PBXFileReference; lastKnownFileType = text; path = PushNotificationPayload.apns; sourceTree = "<group>"; };
/* End PBXFileReference section */

/* Begin PBXFrameworksBuildPhase section */
		4BD56851261A42F800277BB3 /* Frameworks */ = {
			isa = PBXFrameworksBuildPhase;
			buildActionMask = 2147483647;
			files = (
			);
			runOnlyForDeploymentPostprocessing = 0;
		};
		4BD56859261A42F800277BB3 /* Frameworks */ = {
			isa = PBXFrameworksBuildPhase;
			buildActionMask = 2147483647;
			files = (
			);
			runOnlyForDeploymentPostprocessing = 0;
		};
		4BD56915261A46E200277BB3 /* Frameworks */ = {
			isa = PBXFrameworksBuildPhase;
			buildActionMask = 2147483647;
			files = (
			);
			runOnlyForDeploymentPostprocessing = 0;
		};
/* End PBXFrameworksBuildPhase section */

/* Begin PBXGroup section */
		4B2D9DAA261A544500244980 /* Extensions */ = {
			isa = PBXGroup;
			children = (
				4B2D9DAB261A545B00244980 /* View+backgroundColor.swift */,
			);
			path = Extensions;
			sourceTree = "<group>";
		};
		4B2D9DB6261A554000244980 /* Utilities */ = {
			isa = PBXGroup;
			children = (
				4BD5684D261A42F700277BB3 /* GameApp.swift */,
			);
			path = Utilities;
			sourceTree = "<group>";
		};
		4B2D9DB7261A555400244980 /* Models */ = {
			isa = PBXGroup;
			children = (
				4B2D9DC3261A57CB00244980 /* UserModel.swift */,
			);
			path = Models;
			sourceTree = "<group>";
		};
		4B2D9DB8261A555E00244980 /* Screens */ = {
			isa = PBXGroup;
			children = (
				4BD5684E261A42F700277BB3 /* GameView.swift */,
				4B2D9DCE261A59F500244980 /* NewGameView.swift */,
				4B2D9DD5261A5A0500244980 /* SettingsView.swift */,
				4B2D9DDC261A5A1700244980 /* LeaderboardView.swift */,
			);
			path = Screens;
			sourceTree = "<group>";
		};
		4B2D9DB9261A557D00244980 /* Views */ = {
			isa = PBXGroup;
			children = (
				4B2D9D98261A4DD400244980 /* MenuView.swift */,
				4B2D9DA3261A541F00244980 /* MenuButton.swift */,
			);
			path = Views;
			sourceTree = "<group>";
		};
		4B2D9DBA261A559200244980 /* Support */ = {
			isa = PBXGroup;
			children = (
				4BD5684F261A42F800277BB3 /* Assets.xcassets */,
			);
			path = Support;
			sourceTree = "<group>";
		};
		4B2D9E07261B6C4500244980 /* Helper */ = {
			isa = PBXGroup;
			children = (
				4B2D9DFC261B6A2300244980 /* GameHelper.swift */,
				4B02F5A6261B9BAF008A8894 /* UIHelper.swift */,
			);
			path = Helper;
			sourceTree = "<group>";
		};
		4BD56847261A42F700277BB3 = {
			isa = PBXGroup;
			children = (
				4BD5684C261A42F700277BB3 /* Shared */,
				4BD56856261A42F800277BB3 /* iOS */,
				4BD5685D261A42F800277BB3 /* macOS */,
				4BD56910261A46E000277BB3 /* watchOS */,
				4BD5691C261A46E200277BB3 /* watchOS Extension */,
				4BD56855261A42F800277BB3 /* Products */,
			);
			sourceTree = "<group>";
		};
		4BD5684C261A42F700277BB3 /* Shared */ = {
			isa = PBXGroup;
			children = (
				4B2D9DB6261A554000244980 /* Utilities */,
				4B2D9DB7261A555400244980 /* Models */,
				4B2D9DB8261A555E00244980 /* Screens */,
				4B2D9DB9261A557D00244980 /* Views */,
				4B2D9DBA261A559200244980 /* Support */,
				4B2D9E07261B6C4500244980 /* Helper */,
				4B2D9DAA261A544500244980 /* Extensions */,
			);
			path = Shared;
			sourceTree = "<group>";
		};
		4BD56855261A42F800277BB3 /* Products */ = {
			isa = PBXGroup;
			children = (
				4BD56854261A42F800277BB3 /* Game.app */,
				4BD5685C261A42F800277BB3 /* Game.app */,
				4BD5690F261A46E000277BB3 /* watchOS.app */,
				4BD56918261A46E200277BB3 /* watchOS Extension.appex */,
			);
			name = Products;
			sourceTree = "<group>";
		};
		4BD56856261A42F800277BB3 /* iOS */ = {
			isa = PBXGroup;
			children = (
				4BD56857261A42F800277BB3 /* Info.plist */,
			);
			path = iOS;
			sourceTree = "<group>";
		};
		4BD5685D261A42F800277BB3 /* macOS */ = {
			isa = PBXGroup;
			children = (
				4BD5685E261A42F800277BB3 /* Info.plist */,
				4BD5685F261A42F800277BB3 /* macOS.entitlements */,
			);
			path = macOS;
			sourceTree = "<group>";
		};
		4BD56910261A46E000277BB3 /* watchOS */ = {
			isa = PBXGroup;
			children = (
				4BD56911261A46E100277BB3 /* Assets.xcassets */,
				4BD56913261A46E100277BB3 /* Info.plist */,
			);
			path = watchOS;
			sourceTree = "<group>";
		};
		4BD5691C261A46E200277BB3 /* watchOS Extension */ = {
			isa = PBXGroup;
			children = (
				4BD5691D261A46E200277BB3 /* GameApp.swift */,
				4BD5691F261A46E200277BB3 /* ContentView.swift */,
				4BD56921261A46E200277BB3 /* NotificationController.swift */,
				4BD56923261A46E200277BB3 /* NotificationView.swift */,
				4BD56925261A46E200277BB3 /* ComplicationController.swift */,
				4BD56927261A46E300277BB3 /* Assets.xcassets */,
				4BD5692C261A46E300277BB3 /* Info.plist */,
				4BD5692D261A46E300277BB3 /* PushNotificationPayload.apns */,
				4BD56929261A46E300277BB3 /* Preview Content */,
			);
			path = "watchOS Extension";
			sourceTree = "<group>";
		};
		4BD56929261A46E300277BB3 /* Preview Content */ = {
			isa = PBXGroup;
			children = (
				4BD5692A261A46E300277BB3 /* Preview Assets.xcassets */,
			);
			path = "Preview Content";
			sourceTree = "<group>";
		};
/* End PBXGroup section */

/* Begin PBXNativeTarget section */
		4BD56853261A42F800277BB3 /* Game (iOS) */ = {
			isa = PBXNativeTarget;
			buildConfigurationList = 4BD56868261A42F800277BB3 /* Build configuration list for PBXNativeTarget "Game (iOS)" */;
			buildPhases = (
				4BD56850261A42F800277BB3 /* Sources */,
				4BD56851261A42F800277BB3 /* Frameworks */,
				4BD56852261A42F800277BB3 /* Resources */,
				4BD56931261A46E300277BB3 /* Embed Watch Content */,
			);
			buildRules = (
			);
			dependencies = (
				4BD5692F261A46E300277BB3 /* PBXTargetDependency */,
			);
			name = "Game (iOS)";
			packageProductDependencies = (
			);
			productName = "Game (iOS)";
			productReference = 4BD56854261A42F800277BB3 /* Game.app */;
			productType = "com.apple.product-type.application";
		};
		4BD5685B261A42F800277BB3 /* Game (macOS) */ = {
			isa = PBXNativeTarget;
			buildConfigurationList = 4BD5686B261A42F800277BB3 /* Build configuration list for PBXNativeTarget "Game (macOS)" */;
			buildPhases = (
				4BD56858261A42F800277BB3 /* Sources */,
				4BD56859261A42F800277BB3 /* Frameworks */,
				4BD5685A261A42F800277BB3 /* Resources */,
			);
			buildRules = (
			);
			dependencies = (
			);
			name = "Game (macOS)";
			productName = "Game (macOS)";
			productReference = 4BD5685C261A42F800277BB3 /* Game.app */;
			productType = "com.apple.product-type.application";
		};
		4BD5690E261A46E000277BB3 /* watchOS */ = {
			isa = PBXNativeTarget;
			buildConfigurationList = 4BD56938261A46E300277BB3 /* Build configuration list for PBXNativeTarget "watchOS" */;
			buildPhases = (
				4BD5690D261A46E000277BB3 /* Resources */,
				4BD56934261A46E300277BB3 /* Embed App Extensions */,
			);
			buildRules = (
			);
			dependencies = (
				4BD5691B261A46E200277BB3 /* PBXTargetDependency */,
			);
			name = watchOS;
			productName = watchOS;
			productReference = 4BD5690F261A46E000277BB3 /* watchOS.app */;
			productType = "com.apple.product-type.application.watchapp2";
		};
		4BD56917261A46E200277BB3 /* watchOS Extension */ = {
			isa = PBXNativeTarget;
			buildConfigurationList = 4BD56937261A46E300277BB3 /* Build configuration list for PBXNativeTarget "watchOS Extension" */;
			buildPhases = (
				4BD56914261A46E200277BB3 /* Sources */,
				4BD56915261A46E200277BB3 /* Frameworks */,
				4BD56916261A46E200277BB3 /* Resources */,
			);
			buildRules = (
			);
			dependencies = (
			);
			name = "watchOS Extension";
			productName = "watchOS Extension";
			productReference = 4BD56918261A46E200277BB3 /* watchOS Extension.appex */;
			productType = "com.apple.product-type.watchkit2-extension";
		};
/* End PBXNativeTarget section */

/* Begin PBXProject section */
		4BD56848261A42F700277BB3 /* Project object */ = {
			isa = PBXProject;
			attributes = {
				LastSwiftUpdateCheck = 1240;
				LastUpgradeCheck = 1240;
				TargetAttributes = {
					4BD56853261A42F800277BB3 = {
						CreatedOnToolsVersion = 12.4;
					};
					4BD5685B261A42F800277BB3 = {
						CreatedOnToolsVersion = 12.4;
					};
					4BD5690E261A46E000277BB3 = {
						CreatedOnToolsVersion = 12.4;
					};
					4BD56917261A46E200277BB3 = {
						CreatedOnToolsVersion = 12.4;
					};
				};
			};
			buildConfigurationList = 4BD5684B261A42F700277BB3 /* Build configuration list for PBXProject "Game" */;
			compatibilityVersion = "Xcode 9.3";
			developmentRegion = en;
			hasScannedForEncodings = 0;
			knownRegions = (
				en,
				Base,
			);
			mainGroup = 4BD56847261A42F700277BB3;
			packageReferences = (
			);
			productRefGroup = 4BD56855261A42F800277BB3 /* Products */;
			projectDirPath = "";
			projectRoot = "";
			targets = (
				4BD56853261A42F800277BB3 /* Game (iOS) */,
				4BD5685B261A42F800277BB3 /* Game (macOS) */,
				4BD5690E261A46E000277BB3 /* watchOS */,
				4BD56917261A46E200277BB3 /* watchOS Extension */,
			);
		};
/* End PBXProject section */

/* Begin PBXResourcesBuildPhase section */
		4BD56852261A42F800277BB3 /* Resources */ = {
			isa = PBXResourcesBuildPhase;
			buildActionMask = 2147483647;
			files = (
				4BD56864261A42F800277BB3 /* Assets.xcassets in Resources */,
			);
			runOnlyForDeploymentPostprocessing = 0;
		};
		4BD5685A261A42F800277BB3 /* Resources */ = {
			isa = PBXResourcesBuildPhase;
			buildActionMask = 2147483647;
			files = (
				4BD56865261A42F800277BB3 /* Assets.xcassets in Resources */,
			);
			runOnlyForDeploymentPostprocessing = 0;
		};
		4BD5690D261A46E000277BB3 /* Resources */ = {
			isa = PBXResourcesBuildPhase;
			buildActionMask = 2147483647;
			files = (
				4BD56912261A46E100277BB3 /* Assets.xcassets in Resources */,
			);
			runOnlyForDeploymentPostprocessing = 0;
		};
		4BD56916261A46E200277BB3 /* Resources */ = {
			isa = PBXResourcesBuildPhase;
			buildActionMask = 2147483647;
			files = (
				4BD5692B261A46E300277BB3 /* Preview Assets.xcassets in Resources */,
				4BD56928261A46E300277BB3 /* Assets.xcassets in Resources */,
			);
			runOnlyForDeploymentPostprocessing = 0;
		};
/* End PBXResourcesBuildPhase section */

/* Begin PBXSourcesBuildPhase section */
		4BD56850261A42F800277BB3 /* Sources */ = {
			isa = PBXSourcesBuildPhase;
			buildActionMask = 2147483647;
			files = (
				4BD56862261A42F800277BB3 /* GameView.swift in Sources */,
				4B2D9DD6261A5A0500244980 /* SettingsView.swift in Sources */,
				4B2D9DAC261A545B00244980 /* View+backgroundColor.swift in Sources */,
				4B02F5A7261B9BAF008A8894 /* UIHelper.swift in Sources */,
				4B2D9DFD261B6A2300244980 /* GameHelper.swift in Sources */,
				4B2D9D99261A4DD400244980 /* MenuView.swift in Sources */,
				4B2D9DDD261A5A1700244980 /* LeaderboardView.swift in Sources */,
				4B2D9DC4261A57CB00244980 /* UserModel.swift in Sources */,
				4BD56860261A42F800277BB3 /* GameApp.swift in Sources */,
				4B2D9DA4261A541F00244980 /* MenuButton.swift in Sources */,
				4B2D9DCF261A59F500244980 /* NewGameView.swift in Sources */,
			);
			runOnlyForDeploymentPostprocessing = 0;
		};
		4BD56858261A42F800277BB3 /* Sources */ = {
			isa = PBXSourcesBuildPhase;
			buildActionMask = 2147483647;
			files = (
				4BD56863261A42F800277BB3 /* GameView.swift in Sources */,
				4B2D9DD7261A5A0500244980 /* SettingsView.swift in Sources */,
				4B2D9DAD261A545B00244980 /* View+backgroundColor.swift in Sources */,
				4B02F5A8261B9BAF008A8894 /* UIHelper.swift in Sources */,
				4B2D9DFE261B6A2300244980 /* GameHelper.swift in Sources */,
				4B2D9D9A261A4DD400244980 /* MenuView.swift in Sources */,
				4B2D9DDE261A5A1700244980 /* LeaderboardView.swift in Sources */,
				4B2D9DC5261A57CB00244980 /* UserModel.swift in Sources */,
				4BD56861261A42F800277BB3 /* GameApp.swift in Sources */,
				4B2D9DA5261A541F00244980 /* MenuButton.swift in Sources */,
				4B2D9DD0261A59F500244980 /* NewGameView.swift in Sources */,
			);
			runOnlyForDeploymentPostprocessing = 0;
		};
		4BD56914261A46E200277BB3 /* Sources */ = {
			isa = PBXSourcesBuildPhase;
			buildActionMask = 2147483647;
			files = (
				4B2D9E25261B7E8B00244980 /* LeaderboardView.swift in Sources */,
				4B2D9E2F261B7EA400244980 /* MenuView.swift in Sources */,
				4BD56922261A46E200277BB3 /* NotificationController.swift in Sources */,
				4BD56920261A46E200277BB3 /* ContentView.swift in Sources */,
				4BD56926261A46E200277BB3 /* ComplicationController.swift in Sources */,
				4B2D9E20261B7E8800244980 /* SettingsView.swift in Sources */,
				4B2D9E1B261B7E8500244980 /* NewGameView.swift in Sources */,
				4BD5691E261A46E200277BB3 /* GameApp.swift in Sources */,
				4B02F5A9261B9BAF008A8894 /* UIHelper.swift in Sources */,
				4B2D9E11261B7E5C00244980 /* GameView.swift in Sources */,
				4BD56924261A46E200277BB3 /* NotificationView.swift in Sources */,
				4B2D9E16261B7E8100244980 /* View+backgroundColor.swift in Sources */,
				4B2D9E39261B7EE800244980 /* GameHelper.swift in Sources */,
				4B2D9E34261B7EA800244980 /* MenuButton.swift in Sources */,
				4B2D9E2A261B7E9E00244980 /* UserModel.swift in Sources */,
			);
			runOnlyForDeploymentPostprocessing = 0;
		};
/* End PBXSourcesBuildPhase section */

/* Begin PBXTargetDependency section */
		4BD5691B261A46E200277BB3 /* PBXTargetDependency */ = {
			isa = PBXTargetDependency;
			target = 4BD56917261A46E200277BB3 /* watchOS Extension */;
			targetProxy = 4BD5691A261A46E200277BB3 /* PBXContainerItemProxy */;
		};
		4BD5692F261A46E300277BB3 /* PBXTargetDependency */ = {
			isa = PBXTargetDependency;
			target = 4BD5690E261A46E000277BB3 /* watchOS */;
			targetProxy = 4BD5692E261A46E300277BB3 /* PBXContainerItemProxy */;
		};
/* End PBXTargetDependency section */

/* Begin XCBuildConfiguration section */
		4BD56866261A42F800277BB3 /* Debug */ = {
			isa = XCBuildConfiguration;
			buildSettings = {
				ALWAYS_SEARCH_USER_PATHS = NO;
				CLANG_ANALYZER_NONNULL = YES;
				CLANG_ANALYZER_NUMBER_OBJECT_CONVERSION = YES_AGGRESSIVE;
				CLANG_CXX_LANGUAGE_STANDARD = "gnu++14";
				CLANG_CXX_LIBRARY = "libc++";
				CLANG_ENABLE_MODULES = YES;
				CLANG_ENABLE_OBJC_ARC = YES;
				CLANG_ENABLE_OBJC_WEAK = YES;
				CLANG_WARN_BLOCK_CAPTURE_AUTORELEASING = YES;
				CLANG_WARN_BOOL_CONVERSION = YES;
				CLANG_WARN_COMMA = YES;
				CLANG_WARN_CONSTANT_CONVERSION = YES;
				CLANG_WARN_DEPRECATED_OBJC_IMPLEMENTATIONS = YES;
				CLANG_WARN_DIRECT_OBJC_ISA_USAGE = YES_ERROR;
				CLANG_WARN_DOCUMENTATION_COMMENTS = YES;
				CLANG_WARN_EMPTY_BODY = YES;
				CLANG_WARN_ENUM_CONVERSION = YES;
				CLANG_WARN_INFINITE_RECURSION = YES;
				CLANG_WARN_INT_CONVERSION = YES;
				CLANG_WARN_NON_LITERAL_NULL_CONVERSION = YES;
				CLANG_WARN_OBJC_IMPLICIT_RETAIN_SELF = YES;
				CLANG_WARN_OBJC_LITERAL_CONVERSION = YES;
				CLANG_WARN_OBJC_ROOT_CLASS = YES_ERROR;
				CLANG_WARN_QUOTED_INCLUDE_IN_FRAMEWORK_HEADER = YES;
				CLANG_WARN_RANGE_LOOP_ANALYSIS = YES;
				CLANG_WARN_STRICT_PROTOTYPES = YES;
				CLANG_WARN_SUSPICIOUS_MOVE = YES;
				CLANG_WARN_UNGUARDED_AVAILABILITY = YES_AGGRESSIVE;
				CLANG_WARN_UNREACHABLE_CODE = YES;
				CLANG_WARN__DUPLICATE_METHOD_MATCH = YES;
				COPY_PHASE_STRIP = NO;
				DEBUG_INFORMATION_FORMAT = dwarf;
				ENABLE_STRICT_OBJC_MSGSEND = YES;
				ENABLE_TESTABILITY = YES;
				GCC_C_LANGUAGE_STANDARD = gnu11;
				GCC_DYNAMIC_NO_PIC = NO;
				GCC_NO_COMMON_BLOCKS = YES;
				GCC_OPTIMIZATION_LEVEL = 0;
				GCC_PREPROCESSOR_DEFINITIONS = (
					"DEBUG=1",
					"$(inherited)",
				);
				GCC_WARN_64_TO_32_BIT_CONVERSION = YES;
				GCC_WARN_ABOUT_RETURN_TYPE = YES_ERROR;
				GCC_WARN_UNDECLARED_SELECTOR = YES;
				GCC_WARN_UNINITIALIZED_AUTOS = YES_AGGRESSIVE;
				GCC_WARN_UNUSED_FUNCTION = YES;
				GCC_WARN_UNUSED_VARIABLE = YES;
				MTL_ENABLE_DEBUG_INFO = INCLUDE_SOURCE;
				MTL_FAST_MATH = YES;
				ONLY_ACTIVE_ARCH = YES;
				SWIFT_ACTIVE_COMPILATION_CONDITIONS = DEBUG;
				SWIFT_OPTIMIZATION_LEVEL = "-Onone";
			};
			name = Debug;
		};
		4BD56867261A42F800277BB3 /* Release */ = {
			isa = XCBuildConfiguration;
			buildSettings = {
				ALWAYS_SEARCH_USER_PATHS = NO;
				CLANG_ANALYZER_NONNULL = YES;
				CLANG_ANALYZER_NUMBER_OBJECT_CONVERSION = YES_AGGRESSIVE;
				CLANG_CXX_LANGUAGE_STANDARD = "gnu++14";
				CLANG_CXX_LIBRARY = "libc++";
				CLANG_ENABLE_MODULES = YES;
				CLANG_ENABLE_OBJC_ARC = YES;
				CLANG_ENABLE_OBJC_WEAK = YES;
				CLANG_WARN_BLOCK_CAPTURE_AUTORELEASING = YES;
				CLANG_WARN_BOOL_CONVERSION = YES;
				CLANG_WARN_COMMA = YES;
				CLANG_WARN_CONSTANT_CONVERSION = YES;
				CLANG_WARN_DEPRECATED_OBJC_IMPLEMENTATIONS = YES;
				CLANG_WARN_DIRECT_OBJC_ISA_USAGE = YES_ERROR;
				CLANG_WARN_DOCUMENTATION_COMMENTS = YES;
				CLANG_WARN_EMPTY_BODY = YES;
				CLANG_WARN_ENUM_CONVERSION = YES;
				CLANG_WARN_INFINITE_RECURSION = YES;
				CLANG_WARN_INT_CONVERSION = YES;
				CLANG_WARN_NON_LITERAL_NULL_CONVERSION = YES;
				CLANG_WARN_OBJC_IMPLICIT_RETAIN_SELF = YES;
				CLANG_WARN_OBJC_LITERAL_CONVERSION = YES;
				CLANG_WARN_OBJC_ROOT_CLASS = YES_ERROR;
				CLANG_WARN_QUOTED_INCLUDE_IN_FRAMEWORK_HEADER = YES;
				CLANG_WARN_RANGE_LOOP_ANALYSIS = YES;
				CLANG_WARN_STRICT_PROTOTYPES = YES;
				CLANG_WARN_SUSPICIOUS_MOVE = YES;
				CLANG_WARN_UNGUARDED_AVAILABILITY = YES_AGGRESSIVE;
				CLANG_WARN_UNREACHABLE_CODE = YES;
				CLANG_WARN__DUPLICATE_METHOD_MATCH = YES;
				COPY_PHASE_STRIP = NO;
				DEBUG_INFORMATION_FORMAT = "dwarf-with-dsym";
				ENABLE_NS_ASSERTIONS = NO;
				ENABLE_STRICT_OBJC_MSGSEND = YES;
				GCC_C_LANGUAGE_STANDARD = gnu11;
				GCC_NO_COMMON_BLOCKS = YES;
				GCC_WARN_64_TO_32_BIT_CONVERSION = YES;
				GCC_WARN_ABOUT_RETURN_TYPE = YES_ERROR;
				GCC_WARN_UNDECLARED_SELECTOR = YES;
				GCC_WARN_UNINITIALIZED_AUTOS = YES_AGGRESSIVE;
				GCC_WARN_UNUSED_FUNCTION = YES;
				GCC_WARN_UNUSED_VARIABLE = YES;
				MTL_ENABLE_DEBUG_INFO = NO;
				MTL_FAST_MATH = YES;
				SWIFT_COMPILATION_MODE = wholemodule;
				SWIFT_OPTIMIZATION_LEVEL = "-O";
			};
			name = Release;
		};
		4BD56869261A42F800277BB3 /* Debug */ = {
			isa = XCBuildConfiguration;
			buildSettings = {
				ASSETCATALOG_COMPILER_APPICON_NAME = AppIcon;
				ASSETCATALOG_COMPILER_GLOBAL_ACCENT_COLOR_NAME = AccentColor;
				CODE_SIGN_STYLE = Automatic;
				DEVELOPMENT_TEAM = 5NGK57BNWL;
				ENABLE_PREVIEWS = YES;
				INFOPLIST_FILE = iOS/Info.plist;
				IPHONEOS_DEPLOYMENT_TARGET = 14.0;
				LD_RUNPATH_SEARCH_PATHS = (
					"$(inherited)",
					"@executable_path/Frameworks",
				);
				PRODUCT_BUNDLE_IDENTIFIER = SakhankoApps.Game;
				PRODUCT_NAME = Game;
				SDKROOT = iphoneos;
				SWIFT_VERSION = 5.0;
				TARGETED_DEVICE_FAMILY = "1,2";
			};
			name = Debug;
		};
		4BD5686A261A42F800277BB3 /* Release */ = {
			isa = XCBuildConfiguration;
			buildSettings = {
				ASSETCATALOG_COMPILER_APPICON_NAME = AppIcon;
				ASSETCATALOG_COMPILER_GLOBAL_ACCENT_COLOR_NAME = AccentColor;
				CODE_SIGN_STYLE = Automatic;
				DEVELOPMENT_TEAM = 5NGK57BNWL;
				ENABLE_PREVIEWS = YES;
				INFOPLIST_FILE = iOS/Info.plist;
				IPHONEOS_DEPLOYMENT_TARGET = 14.0;
				LD_RUNPATH_SEARCH_PATHS = (
					"$(inherited)",
					"@executable_path/Frameworks",
				);
				PRODUCT_BUNDLE_IDENTIFIER = SakhankoApps.Game;
				PRODUCT_NAME = Game;
				SDKROOT = iphoneos;
				SWIFT_VERSION = 5.0;
				TARGETED_DEVICE_FAMILY = "1,2";
				VALIDATE_PRODUCT = YES;
			};
			name = Release;
		};
		4BD5686C261A42F800277BB3 /* Debug */ = {
			isa = XCBuildConfiguration;
			buildSettings = {
				ASSETCATALOG_COMPILER_APPICON_NAME = AppIcon;
				ASSETCATALOG_COMPILER_GLOBAL_ACCENT_COLOR_NAME = AccentColor;
				CODE_SIGN_ENTITLEMENTS = macOS/macOS.entitlements;
				CODE_SIGN_STYLE = Automatic;
				COMBINE_HIDPI_IMAGES = YES;
				DEVELOPMENT_TEAM = 5NGK57BNWL;
				ENABLE_HARDENED_RUNTIME = YES;
				ENABLE_PREVIEWS = YES;
				INFOPLIST_FILE = macOS/Info.plist;
				LD_RUNPATH_SEARCH_PATHS = (
					"$(inherited)",
					"@executable_path/../Frameworks",
				);
				MACOSX_DEPLOYMENT_TARGET = 11.0;
				PRODUCT_BUNDLE_IDENTIFIER = SakhankoApps.Game;
				PRODUCT_NAME = Game;
				SDKROOT = macosx;
				SWIFT_VERSION = 5.0;
			};
			name = Debug;
		};
		4BD5686D261A42F800277BB3 /* Release */ = {
			isa = XCBuildConfiguration;
			buildSettings = {
				ASSETCATALOG_COMPILER_APPICON_NAME = AppIcon;
				ASSETCATALOG_COMPILER_GLOBAL_ACCENT_COLOR_NAME = AccentColor;
				CODE_SIGN_ENTITLEMENTS = macOS/macOS.entitlements;
				CODE_SIGN_STYLE = Automatic;
				COMBINE_HIDPI_IMAGES = YES;
				DEVELOPMENT_TEAM = 5NGK57BNWL;
				ENABLE_HARDENED_RUNTIME = YES;
				ENABLE_PREVIEWS = YES;
				INFOPLIST_FILE = macOS/Info.plist;
				LD_RUNPATH_SEARCH_PATHS = (
					"$(inherited)",
					"@executable_path/../Frameworks",
				);
				MACOSX_DEPLOYMENT_TARGET = 11.0;
				PRODUCT_BUNDLE_IDENTIFIER = SakhankoApps.Game;
				PRODUCT_NAME = Game;
				SDKROOT = macosx;
				SWIFT_VERSION = 5.0;
			};
			name = Release;
		};
		4BD56932261A46E300277BB3 /* Debug */ = {
			isa = XCBuildConfiguration;
			buildSettings = {
				ALWAYS_EMBED_SWIFT_STANDARD_LIBRARIES = YES;
				ASSETCATALOG_COMPILER_APPICON_NAME = AppIcon;
				ASSETCATALOG_COMPILER_GLOBAL_ACCENT_COLOR_NAME = AccentColor;
				CODE_SIGN_STYLE = Automatic;
				DEVELOPMENT_TEAM = 5NGK57BNWL;
				IBSC_MODULE = watchOS_Extension;
				INFOPLIST_FILE = watchOS/Info.plist;
				PRODUCT_BUNDLE_IDENTIFIER = SakhankoApps.Game.watchkitapp;
				PRODUCT_NAME = "$(TARGET_NAME)";
				SDKROOT = watchos;
				SKIP_INSTALL = YES;
				SWIFT_VERSION = 5.0;
				TARGETED_DEVICE_FAMILY = 4;
				WATCHOS_DEPLOYMENT_TARGET = 7.2;
			};
			name = Debug;
		};
		4BD56933261A46E300277BB3 /* Release */ = {
			isa = XCBuildConfiguration;
			buildSettings = {
				ALWAYS_EMBED_SWIFT_STANDARD_LIBRARIES = YES;
				ASSETCATALOG_COMPILER_APPICON_NAME = AppIcon;
				ASSETCATALOG_COMPILER_GLOBAL_ACCENT_COLOR_NAME = AccentColor;
				CODE_SIGN_STYLE = Automatic;
				DEVELOPMENT_TEAM = 5NGK57BNWL;
				IBSC_MODULE = watchOS_Extension;
				INFOPLIST_FILE = watchOS/Info.plist;
				PRODUCT_BUNDLE_IDENTIFIER = SakhankoApps.Game.watchkitapp;
				PRODUCT_NAME = "$(TARGET_NAME)";
				SDKROOT = watchos;
				SKIP_INSTALL = YES;
				SWIFT_VERSION = 5.0;
				TARGETED_DEVICE_FAMILY = 4;
				VALIDATE_PRODUCT = YES;
				WATCHOS_DEPLOYMENT_TARGET = 7.2;
			};
			name = Release;
		};
		4BD56935261A46E300277BB3 /* Debug */ = {
			isa = XCBuildConfiguration;
			buildSettings = {
				ASSETCATALOG_COMPILER_COMPLICATION_NAME = Complication;
				CODE_SIGN_STYLE = Automatic;
				DEVELOPMENT_ASSET_PATHS = "\"watchOS Extension/Preview Content\"";
				DEVELOPMENT_TEAM = 5NGK57BNWL;
				ENABLE_PREVIEWS = YES;
				INFOPLIST_FILE = "watchOS Extension/Info.plist";
				LD_RUNPATH_SEARCH_PATHS = (
					"$(inherited)",
					"@executable_path/Frameworks",
					"@executable_path/../../Frameworks",
				);
				PRODUCT_BUNDLE_IDENTIFIER = SakhankoApps.Game.watchkitapp.watchkitextension;
				PRODUCT_NAME = "${TARGET_NAME}";
				SDKROOT = watchos;
				SKIP_INSTALL = YES;
				SWIFT_VERSION = 5.0;
				TARGETED_DEVICE_FAMILY = 4;
				WATCHOS_DEPLOYMENT_TARGET = 7.2;
			};
			name = Debug;
		};
		4BD56936261A46E300277BB3 /* Release */ = {
			isa = XCBuildConfiguration;
			buildSettings = {
				ASSETCATALOG_COMPILER_COMPLICATION_NAME = Complication;
				CODE_SIGN_STYLE = Automatic;
				DEVELOPMENT_ASSET_PATHS = "\"watchOS Extension/Preview Content\"";
				DEVELOPMENT_TEAM = 5NGK57BNWL;
				ENABLE_PREVIEWS = YES;
				INFOPLIST_FILE = "watchOS Extension/Info.plist";
				LD_RUNPATH_SEARCH_PATHS = (
					"$(inherited)",
					"@executable_path/Frameworks",
					"@executable_path/../../Frameworks",
				);
				PRODUCT_BUNDLE_IDENTIFIER = SakhankoApps.Game.watchkitapp.watchkitextension;
				PRODUCT_NAME = "${TARGET_NAME}";
				SDKROOT = watchos;
				SKIP_INSTALL = YES;
				SWIFT_VERSION = 5.0;
				TARGETED_DEVICE_FAMILY = 4;
				VALIDATE_PRODUCT = YES;
				WATCHOS_DEPLOYMENT_TARGET = 7.2;
			};
			name = Release;
		};
/* End XCBuildConfiguration section */

/* Begin XCConfigurationList section */
		4BD5684B261A42F700277BB3 /* Build configuration list for PBXProject "Game" */ = {
			isa = XCConfigurationList;
			buildConfigurations = (
				4BD56866261A42F800277BB3 /* Debug */,
				4BD56867261A42F800277BB3 /* Release */,
			);
			defaultConfigurationIsVisible = 0;
			defaultConfigurationName = Release;
		};
		4BD56868261A42F800277BB3 /* Build configuration list for PBXNativeTarget "Game (iOS)" */ = {
			isa = XCConfigurationList;
			buildConfigurations = (
				4BD56869261A42F800277BB3 /* Debug */,
				4BD5686A261A42F800277BB3 /* Release */,
			);
			defaultConfigurationIsVisible = 0;
			defaultConfigurationName = Release;
		};
		4BD5686B261A42F800277BB3 /* Build configuration list for PBXNativeTarget "Game (macOS)" */ = {
			isa = XCConfigurationList;
			buildConfigurations = (
				4BD5686C261A42F800277BB3 /* Debug */,
				4BD5686D261A42F800277BB3 /* Release */,
			);
			defaultConfigurationIsVisible = 0;
			defaultConfigurationName = Release;
		};
		4BD56937261A46E300277BB3 /* Build configuration list for PBXNativeTarget "watchOS Extension" */ = {
			isa = XCConfigurationList;
			buildConfigurations = (
				4BD56935261A46E300277BB3 /* Debug */,
				4BD56936261A46E300277BB3 /* Release */,
			);
			defaultConfigurationIsVisible = 0;
			defaultConfigurationName = Release;
		};
		4BD56938261A46E300277BB3 /* Build configuration list for PBXNativeTarget "watchOS" */ = {
			isa = XCConfigurationList;
			buildConfigurations = (
				4BD56932261A46E300277BB3 /* Debug */,
				4BD56933261A46E300277BB3 /* Release */,
			);
			defaultConfigurationIsVisible = 0;
			defaultConfigurationName = Release;
		};
/* End XCConfigurationList section */
	};
	rootObject = 4BD56848261A42F700277BB3 /* Project object */;
}
